
Microsoft Visual Studio Solution File, Format Version 12.00
# Visual Studio Version 17
VisualStudioVersion = 17.0.31903.59
MinimumVisualStudioVersion = 10.0.40219.1
Project("{2150E333-8FDC-42A3-9474-1A3956D46DE8}") = "src", "src", "{65F577EE-A287-4776-BB7B-69F533665410}"
	ProjectSection(SolutionItems) = preProject
		src\Directory.Build.props = src\Directory.Build.props
	EndProjectSection
EndProject
Project("{FAE04EC0-301F-11D3-BF4B-00C04F79EFBC}") = "SleepingBear.Monad.Core", "src\Core\SleepingBear.Monad.Core.csproj", "{B8964A95-B146-4A56-909E-0FB3E18F082D}"
EndProject
Project("{FAE04EC0-301F-11D3-BF4B-00C04F79EFBC}") = "SleepingBear.Monad.Core.Test", "src\Core.Test\SleepingBear.Monad.Core.Test.csproj", "{7AEAA2AC-803F-4432-977C-855E0056971E}"
EndProject
Project("{2150E333-8FDC-42A3-9474-1A3956D46DE8}") = "Solution", "Solution", "{4DF0AEC1-323F-4F28-8E93-A5339E9D1744}"
	ProjectSection(SolutionItems) = preProject
		.editorconfig = .editorconfig
		.gitignore = .gitignore
		LICENSE = LICENSE
		README.md = README.md
	EndProjectSection
EndProject
Project("{FAE04EC0-301F-11D3-BF4B-00C04F79EFBC}") = "SleepingBear.Monad.Errors", "src\Errors\SleepingBear.Monad.Errors.csproj", "{5EF550A9-22F8-435F-B754-B065C9408FC4}"
EndProject
Project("{FAE04EC0-301F-11D3-BF4B-00C04F79EFBC}") = "SleepingBear.Monad.Errors.Test", "src\Errors.Test\SleepingBear.Monad.Errors.Test.csproj", "{CE0F0262-9D9D-4015-BC8C-96453671B867}"
EndProject
Project("{FAE04EC0-301F-11D3-BF4B-00C04F79EFBC}") = "SleepingBear.Monad.Monads", "src\Monads\SleepingBear.Monad.Monads.csproj", "{34BCF97A-78A9-4097-A3E0-4C7BF9F72AD6}"
EndProject
Project("{FAE04EC0-301F-11D3-BF4B-00C04F79EFBC}") = "SleepingBear.Monad.Monads.Test", "src\Monads.Test\SleepingBear.Monad.Monads.Test.csproj", "{482C21DB-0D3E-4D7C-8D0F-3D69B3BDB06E}"
EndProject
Project("{FAE04EC0-301F-11D3-BF4B-00C04F79EFBC}") = "SleepingBear.Monad.Tasks", "src\Tasks\SleepingBear.Monad.Tasks.csproj", "{F3A4B00C-B554-4B83-B772-9894327B3E27}"
EndProject
Project("{FAE04EC0-301F-11D3-BF4B-00C04F79EFBC}") = "SleepingBear.Monad.Tasks.Test", "src\Tasks.Test\SleepingBear.Monad.Tasks.Test.csproj", "{ED547E0F-82F4-4349-8673-5A697F45CEF5}"
EndProject
Global
	GlobalSection(SolutionConfigurationPlatforms) = preSolution
		Debug|Any CPU = Debug|Any CPU
		Release|Any CPU = Release|Any CPU
	EndGlobalSection
	GlobalSection(SolutionProperties) = preSolution
		HideSolutionNode = FALSE
	EndGlobalSection
	GlobalSection(ProjectConfigurationPlatforms) = postSolution
		{B8964A95-B146-4A56-909E-0FB3E18F082D}.Debug|Any CPU.ActiveCfg = Debug|Any CPU
		{B8964A95-B146-4A56-909E-0FB3E18F082D}.Debug|Any CPU.Build.0 = Debug|Any CPU
		{B8964A95-B146-4A56-909E-0FB3E18F082D}.Release|Any CPU.ActiveCfg = Release|Any CPU
		{B8964A95-B146-4A56-909E-0FB3E18F082D}.Release|Any CPU.Build.0 = Release|Any CPU
		{7AEAA2AC-803F-4432-977C-855E0056971E}.Debug|Any CPU.ActiveCfg = Debug|Any CPU
		{7AEAA2AC-803F-4432-977C-855E0056971E}.Debug|Any CPU.Build.0 = Debug|Any CPU
		{7AEAA2AC-803F-4432-977C-855E0056971E}.Release|Any CPU.ActiveCfg = Release|Any CPU
		{7AEAA2AC-803F-4432-977C-855E0056971E}.Release|Any CPU.Build.0 = Release|Any CPU
		{5EF550A9-22F8-435F-B754-B065C9408FC4}.Debug|Any CPU.ActiveCfg = Debug|Any CPU
		{5EF550A9-22F8-435F-B754-B065C9408FC4}.Debug|Any CPU.Build.0 = Debug|Any CPU
		{5EF550A9-22F8-435F-B754-B065C9408FC4}.Release|Any CPU.ActiveCfg = Release|Any CPU
		{5EF550A9-22F8-435F-B754-B065C9408FC4}.Release|Any CPU.Build.0 = Release|Any CPU
		{CE0F0262-9D9D-4015-BC8C-96453671B867}.Debug|Any CPU.ActiveCfg = Debug|Any CPU
		{CE0F0262-9D9D-4015-BC8C-96453671B867}.Debug|Any CPU.Build.0 = Debug|Any CPU
		{CE0F0262-9D9D-4015-BC8C-96453671B867}.Release|Any CPU.ActiveCfg = Release|Any CPU
		{CE0F0262-9D9D-4015-BC8C-96453671B867}.Release|Any CPU.Build.0 = Release|Any CPU
		{34BCF97A-78A9-4097-A3E0-4C7BF9F72AD6}.Debug|Any CPU.ActiveCfg = Debug|Any CPU
		{34BCF97A-78A9-4097-A3E0-4C7BF9F72AD6}.Debug|Any CPU.Build.0 = Debug|Any CPU
		{34BCF97A-78A9-4097-A3E0-4C7BF9F72AD6}.Release|Any CPU.ActiveCfg = Release|Any CPU
		{34BCF97A-78A9-4097-A3E0-4C7BF9F72AD6}.Release|Any CPU.Build.0 = Release|Any CPU
		{482C21DB-0D3E-4D7C-8D0F-3D69B3BDB06E}.Debug|Any CPU.ActiveCfg = Debug|Any CPU
		{482C21DB-0D3E-4D7C-8D0F-3D69B3BDB06E}.Debug|Any CPU.Build.0 = Debug|Any CPU
		{482C21DB-0D3E-4D7C-8D0F-3D69B3BDB06E}.Release|Any CPU.ActiveCfg = Release|Any CPU
		{482C21DB-0D3E-4D7C-8D0F-3D69B3BDB06E}.Release|Any CPU.Build.0 = Release|Any CPU
		{F3A4B00C-B554-4B83-B772-9894327B3E27}.Debug|Any CPU.ActiveCfg = Debug|Any CPU
		{F3A4B00C-B554-4B83-B772-9894327B3E27}.Debug|Any CPU.Build.0 = Debug|Any CPU
		{F3A4B00C-B554-4B83-B772-9894327B3E27}.Release|Any CPU.ActiveCfg = Release|Any CPU
		{F3A4B00C-B554-4B83-B772-9894327B3E27}.Release|Any CPU.Build.0 = Release|Any CPU
		{ED547E0F-82F4-4349-8673-5A697F45CEF5}.Debug|Any CPU.ActiveCfg = Debug|Any CPU
		{ED547E0F-82F4-4349-8673-5A697F45CEF5}.Debug|Any CPU.Build.0 = Debug|Any CPU
		{ED547E0F-82F4-4349-8673-5A697F45CEF5}.Release|Any CPU.ActiveCfg = Release|Any CPU
		{ED547E0F-82F4-4349-8673-5A697F45CEF5}.Release|Any CPU.Build.0 = Release|Any CPU
	EndGlobalSection
	GlobalSection(NestedProjects) = preSolution
		{B8964A95-B146-4A56-909E-0FB3E18F082D} = {65F577EE-A287-4776-BB7B-69F533665410}
		{7AEAA2AC-803F-4432-977C-855E0056971E} = {65F577EE-A287-4776-BB7B-69F533665410}
		{5EF550A9-22F8-435F-B754-B065C9408FC4} = {65F577EE-A287-4776-BB7B-69F533665410}
		{CE0F0262-9D9D-4015-BC8C-96453671B867} = {65F577EE-A287-4776-BB7B-69F533665410}
		{34BCF97A-78A9-4097-A3E0-4C7BF9F72AD6} = {65F577EE-A287-4776-BB7B-69F533665410}
		{482C21DB-0D3E-4D7C-8D0F-3D69B3BDB06E} = {65F577EE-A287-4776-BB7B-69F533665410}
		{F3A4B00C-B554-4B83-B772-9894327B3E27} = {65F577EE-A287-4776-BB7B-69F533665410}
		{ED547E0F-82F4-4349-8673-5A697F45CEF5} = {65F577EE-A287-4776-BB7B-69F533665410}
	EndGlobalSection
EndGlobal
