
Microsoft Visual Studio Solution File, Format Version 12.00
# Visual Studio Version 17
VisualStudioVersion = 17.0.31903.59
MinimumVisualStudioVersion = 10.0.40219.1
Project("{2150E333-8FDC-42A3-9474-1A3956D46DE8}") = "src", "src", "{65F577EE-A287-4776-BB7B-69F533665410}"
	ProjectSection(SolutionItems) = preProject
		src\Directory.Build.props = src\Directory.Build.props
	EndProjectSection
EndProject
Project("{FAE04EC0-301F-11D3-BF4B-00C04F79EFBC}") = "SleepingBear.Monad.Core", "src\Core\SleepingBear.Monad.Core.csproj", "{B8964A95-B146-4A56-909E-0FB3E18F082D}"
EndProject
Project("{FAE04EC0-301F-11D3-BF4B-00C04F79EFBC}") = "SleepingBear.Monad.Core.Test", "src\Core.Test\SleepingBear.Monad.Core.Test.csproj", "{7AEAA2AC-803F-4432-977C-855E0056971E}"
EndProject
Project("{2150E333-8FDC-42A3-9474-1A3956D46DE8}") = "Solution", "Solution", "{4DF0AEC1-323F-4F28-8E93-A5339E9D1744}"
	ProjectSection(SolutionItems) = preProject
		.editorconfig = .editorconfig
		.gitignore = .gitignore
		LICENSE = LICENSE
		README.md = README.md
	EndProjectSection
EndProject
Global
	GlobalSection(SolutionConfigurationPlatforms) = preSolution
		Debug|Any CPU = Debug|Any CPU
		Release|Any CPU = Release|Any CPU
	EndGlobalSection
	GlobalSection(SolutionProperties) = preSolution
		HideSolutionNode = FALSE
	EndGlobalSection
	GlobalSection(ProjectConfigurationPlatforms) = postSolution
		{B8964A95-B146-4A56-909E-0FB3E18F082D}.Debug|Any CPU.ActiveCfg = Debug|Any CPU
		{B8964A95-B146-4A56-909E-0FB3E18F082D}.Debug|Any CPU.Build.0 = Debug|Any CPU
		{B8964A95-B146-4A56-909E-0FB3E18F082D}.Release|Any CPU.ActiveCfg = Release|Any CPU
		{B8964A95-B146-4A56-909E-0FB3E18F082D}.Release|Any CPU.Build.0 = Release|Any CPU
		{7AEAA2AC-803F-4432-977C-855E0056971E}.Debug|Any CPU.ActiveCfg = Debug|Any CPU
		{7AEAA2AC-803F-4432-977C-855E0056971E}.Debug|Any CPU.Build.0 = Debug|Any CPU
		{7AEAA2AC-803F-4432-977C-855E0056971E}.Release|Any CPU.ActiveCfg = Release|Any CPU
		{7AEAA2AC-803F-4432-977C-855E0056971E}.Release|Any CPU.Build.0 = Release|Any CPU
	EndGlobalSection
	GlobalSection(NestedProjects) = preSolution
		{B8964A95-B146-4A56-909E-0FB3E18F082D} = {65F577EE-A287-4776-BB7B-69F533665410}
		{7AEAA2AC-803F-4432-977C-855E0056971E} = {65F577EE-A287-4776-BB7B-69F533665410}
	EndGlobalSection
EndGlobal
